# THIS IS AN AUTOGENERATED FILE. DO NOT EDIT THIS FILE DIRECTLY.
# yarn lockfile v1


"@babel/runtime@^7.21.0":
  version "7.22.3"
  resolved "https://registry.yarnpkg.com/@babel/runtime/-/runtime-7.22.3.tgz#0a7fce51d43adbf0f7b517a71f4c3aaca92ebcbb"
  integrity sha512-XsDuspWKLUsxwCp6r7EhsExHtYfbe5oAGQ19kqngTdCPUoPQzOPdUbD/pB9PJiwb2ptYKQDjSJT3R6dC+EPqfQ==
  dependencies:
    regenerator-runtime "^0.13.11"

afinn-165-financialmarketnews@^3.0.0:
  version "3.0.0"
  resolved "https://registry.yarnpkg.com/afinn-165-financialmarketnews/-/afinn-165-financialmarketnews-3.0.0.tgz#cf422577775bf94f9bc156f3f001a1f29338c3d8"
  integrity sha512-0g9A1S3ZomFIGDTzZ0t6xmv4AuokBvBmpes8htiyHpH7N4xDmvSQL6UxL/Zcs2ypRb3VwgCscaD8Q3zEawKYhw==

afinn-165@^1.0.2:
  version "1.0.4"
  resolved "https://registry.yarnpkg.com/afinn-165/-/afinn-165-1.0.4.tgz#3abf6b8922dd5db84d84e0abd155924381dd73a4"
  integrity sha512-7+Wlx3BImrK0HiG6y3lU4xX7SpBPSSu8T9iguPMlaueRFxjbYwAQrp9lqZUuFikqKbd/en8lVREILvP2J80uJA==

apparatus@^0.0.10:
  version "0.0.10"
  resolved "https://registry.yarnpkg.com/apparatus/-/apparatus-0.0.10.tgz#81ea756772ada77863db54ceee8202c109bdca3e"
  integrity sha512-KLy/ugo33KZA7nugtQ7O0E1c8kQ52N3IvD/XgIh4w/Nr28ypfkwDfA67F1ev4N1m5D+BOk1+b2dEJDfpj/VvZg==
  dependencies:
    sylvester ">= 0.0.8"

complex.js@^2.1.1:
  version "2.1.1"
  resolved "https://registry.yarnpkg.com/complex.js/-/complex.js-2.1.1.tgz#0675dac8e464ec431fb2ab7d30f41d889fb25c31"
  integrity sha512-8njCHOTtFFLtegk6zQo0kkVX1rngygb/KQI6z1qZxlFI3scluC+LVTCFbrkWjBv4vvLlbQ9t88IPMC6k95VTTg==

decimal.js@^10.4.3:
  version "10.4.3"
  resolved "https://registry.yarnpkg.com/decimal.js/-/decimal.js-10.4.3.tgz#1044092884d245d1b7f65725fa4ad4c6f781cc23"
  integrity sha512-VBBaLc1MgL5XpzgIP7ny5Z6Nx3UrRkIViUkPUdtl9aya5amy3De1gsUUSB1g3+3sExYNjCAsAznmukyxCb1GRA==

escape-latex@^1.2.0:
  version "1.2.0"
  resolved "https://registry.yarnpkg.com/escape-latex/-/escape-latex-1.2.0.tgz#07c03818cf7dac250cce517f4fda1b001ef2bca1"
  integrity sha512-nV5aVWW1K0wEiUIEdZ4erkGGH8mDxGyxSeqPzRNtWP7ataw+/olFObw7hujFWlVjNsaDFw5VZ5NzVSIqRgfTiw==

fraction.js@^4.2.0:
  version "4.2.0"
  resolved "https://registry.yarnpkg.com/fraction.js/-/fraction.js-4.2.0.tgz#448e5109a313a3527f5a3ab2119ec4cf0e0e2950"
  integrity sha512-MhLuK+2gUcnZe8ZHlaaINnQLl0xRIGRfcGk2yl8xoQAfHrSsL3rYu6FCmBdkdbhc9EPlwyGHewaRsvwRMJtAlA==

javascript-natural-sort@^0.7.1:
  version "0.7.1"
  resolved "https://registry.yarnpkg.com/javascript-natural-sort/-/javascript-natural-sort-0.7.1.tgz#f9e2303d4507f6d74355a73664d1440fb5a0ef59"
  integrity sha512-nO6jcEfZWQXDhOiBtG2KvKyEptz7RVbpGP4vTD2hLBdmNQSsCiicO2Ioinv6UI4y9ukqnBpy+XZ9H6uLNgJTlw==

mathjs@^11.8.0:
  version "11.8.0"
  resolved "https://registry.yarnpkg.com/mathjs/-/mathjs-11.8.0.tgz#b02e66461ec068fadf1e90c221121704dc14d8f5"
  integrity sha512-I7r8HCoqUGyEiHQdeOCF2m2k9N+tcOHO3cZQ3tyJkMMBQMFqMR7dMQEboBMJAiFW2Um3PEItGPwcOc4P6KRqwg==
  dependencies:
    "@babel/runtime" "^7.21.0"
    complex.js "^2.1.1"
    decimal.js "^10.4.3"
    escape-latex "^1.2.0"
    fraction.js "^4.2.0"
    javascript-natural-sort "^0.7.1"
    seedrandom "^3.0.5"
    tiny-emitter "^2.1.0"
    typed-function "^4.1.0"

natural@^6.3.1:
  version "6.3.1"
  resolved "https://registry.yarnpkg.com/natural/-/natural-6.3.1.tgz#63227ae28a206977720f0434bf11966eaba45192"
  integrity sha512-y0EjMk8o7S4myWpHFpGoz/M1cVQtInPw27+vT/CUeSmurHZLwxLoJ839IONIYtXVN/83RtArtBeZBYA2XOs1Dg==
  dependencies:
    afinn-165 "^1.0.2"
    afinn-165-financialmarketnews "^3.0.0"
    apparatus "^0.0.10"
    safe-stable-stringify "^2.2.0"
    stopwords-iso "^1.1.0"
    sylvester "^0.0.12"
    underscore "^1.9.1"
    wordnet-db "^3.1.11"

pngjs@^7.0.0:
  version "7.0.0"
  resolved "https://registry.yarnpkg.com/pngjs/-/pngjs-7.0.0.tgz#a8b7446020ebbc6ac739db6c5415a65d17090e26"
  integrity sha512-LKWqWJRhstyYo9pGvgor/ivk2w94eSjE3RGVuzLGlr3NmD8bf7RcYGze1mNdEHRP6TRP6rMuDHk5t44hnTRyow==

regenerator-runtime@^0.13.11:
  version "0.13.11"
  resolved "https://registry.yarnpkg.com/regenerator-runtime/-/regenerator-runtime-0.13.11.tgz#f6dca3e7ceec20590d07ada785636a90cdca17f9"
  integrity sha512-kY1AZVr2Ra+t+piVaJ4gxaFaReZVH40AKNo7UCX6W+dEwBo/2oZJzqfuN1qLq1oL45o56cPaTXELwrTh8Fpggg==

safe-stable-stringify@^2.2.0:
  version "2.4.3"
  resolved "https://registry.yarnpkg.com/safe-stable-stringify/-/safe-stable-stringify-2.4.3.tgz#138c84b6f6edb3db5f8ef3ef7115b8f55ccbf886"
  integrity sha512-e2bDA2WJT0wxseVd4lsDP4+3ONX6HpMXQa1ZhFQ7SU+GjvORCmShbCMltrtIDfkYhVHrOcPtj+KhmDBdPdZD1g==

seedrandom@^3.0.5:
  version "3.0.5"
  resolved "https://registry.yarnpkg.com/seedrandom/-/seedrandom-3.0.5.tgz#54edc85c95222525b0c7a6f6b3543d8e0b3aa0a7"
  integrity sha512-8OwmbklUNzwezjGInmZ+2clQmExQPvomqjL7LFqOYqtmuxRgQYqOD3mHaU+MvZn5FLUeVxVfQjwLZW/n/JFuqg==

stopword@^2.0.8:
  version "2.0.8"
  resolved "https://registry.yarnpkg.com/stopword/-/stopword-2.0.8.tgz#00239d66b34fded43b0d490684fbd770208abdd3"
  integrity sha512-btlEC2vEuhCuvshz99hSGsY8GzaP5qzDPQm56j6rR/R38p8xdsOXgU5a6tIgvU/4hcCta1Vlo/2FVXA9m0f8XA==

stopwords-iso@^1.1.0:
  version "1.1.0"
  resolved "https://registry.yarnpkg.com/stopwords-iso/-/stopwords-iso-1.1.0.tgz#dc303db6b0842d4290bc1339b4eaf37b94219395"
  integrity sha512-I6GPS/E0zyieHehMRPQcqkiBMJKGgLta+1hREixhoLPqEA0AlVFiC43dl8uPpmkkeRdDMzYRWFWk5/l9x7nmNg==

"sylvester@>= 0.0.8":
  version "0.0.21"
  resolved "https://registry.yarnpkg.com/sylvester/-/sylvester-0.0.21.tgz#2987b1ce2bd2f38b0dce2a34388884bfa4400ea7"
  integrity sha512-yUT0ukFkFEt4nb+NY+n2ag51aS/u9UHXoZw+A4jgD77/jzZsBoSDHuqysrVCBC4CYR4TYvUJq54ONpXgDBH8tA==

sylvester@^0.0.12:
  version "0.0.12"
  resolved "https://registry.yarnpkg.com/sylvester/-/sylvester-0.0.12.tgz#5a884415cd2d002c57e7a3aac99462a75ce9fdb4"
  integrity sha512-SzRP5LQ6Ts2G5NyAa/jg16s8e3R7rfdFjizy1zeoecYWw+nGL+YA1xZvW/+iJmidBGSdLkuvdwTYEyJEb+EiUw==

tiny-emitter@^2.1.0:
  version "2.1.0"
  resolved "https://registry.yarnpkg.com/tiny-emitter/-/tiny-emitter-2.1.0.tgz#1d1a56edfc51c43e863cbb5382a72330e3555423"
  integrity sha512-NB6Dk1A9xgQPMoGqC5CVXn123gWyte215ONT5Pp5a0yt4nlEoO1ZWeCwpncaekPHXO60i47ihFnZPiRPjRMq4Q==

txtgen@^3.0.5:
  version "3.0.5"
  resolved "https://registry.yarnpkg.com/txtgen/-/txtgen-3.0.5.tgz#ecd66cd59194f4b2e21942b2f696793b2aadd0ea"
  integrity sha512-b63LwLNsQF/vkfCwKxIXpj3qngoSmQZh2dXEA1dRgTMrtikgxZcDmTcQTTCyBRecNPHdkzvQ6StFJrkawgK8Ug==

typed-function@^4.1.0:
  version "4.1.0"
  resolved "https://registry.yarnpkg.com/typed-function/-/typed-function-4.1.0.tgz#da4bdd8a6d19a89e22732f75e4a410860aaf9712"
  integrity sha512-DGwUl6cioBW5gw2L+6SMupGwH/kZOqivy17E4nsh1JI9fKF87orMmlQx3KISQPmg3sfnOUGlwVkroosvgddrlg==

underscore@^1.9.1:
  version "1.13.6"
  resolved "https://registry.yarnpkg.com/underscore/-/underscore-1.13.6.tgz#04786a1f589dc6c09f761fc5f45b89e935136441"
  integrity sha512-+A5Sja4HP1M08MaXya7p5LvjuM7K6q/2EaC0+iovj/wOcMsTzMvDFbasi/oSapiwOlt252IqsKqPjCl7huKS0A==

wordnet-db@^3.1.11:
  version "3.1.14"
  resolved "https://registry.yarnpkg.com/wordnet-db/-/wordnet-db-3.1.14.tgz#7ba1ec2cb5730393f0856efcc738a60085426199"
  integrity sha512-zVyFsvE+mq9MCmwXUWHIcpfbrHHClZWZiVOzKSxNJruIcFn2RbY55zkhiAMMxM8zCVSmtNiViq8FsAZSFpMYag==
